# @generated by Move, please check-in and do not edit manually.

[move]
version = 3
manifest_digest = "CA9F4EC2D1D25B2729EB6B5D5DFD3108BCA081E018BE12327E0642B7CD1BAEEE"
deps_digest = "F8BBB0CCB2491CA29A3DF03D6F92277A4F3574266507ACD77214D37ECA3F3082"
dependencies = [
  { id = "Sui", name = "Sui" },
]

[[move.package]]
id = "MoveStdlib"
source = { git = "https://github.com/MystenLabs/sui.git", rev = "framework/testnet", subdir = "crates/sui-framework/packages/move-stdlib" }

[[move.package]]
id = "Sui"
source = { git = "https://github.com/MystenLabs/sui.git", rev = "framework/testnet", subdir = "crates/sui-framework/packages/sui-framework" }

dependencies = [
  { id = "MoveStdlib", name = "MoveStdlib" },
]

[move.toolchain-version]
compiler-version = "1.39.3"
edition = "legacy"
flavor = "sui"

[env]

[env.devnet]
chain-id = "614bf495"
original-published-id = "0xd8316764214cb057cef50d2fd0a40876366d114f713e2c1261130332986df509"
latest-published-id = "0xd8316764214cb057cef50d2fd0a40876366d114f713e2c1261130332986df509"
published-version = "1"

[env.testnet]
chain-id = "4c78adac"
original-published-id = "0x1abc5939ce720ab000cd2d3637b5839a34c44063b54a46cc9766ef5f4e3f27e3"
latest-published-id = "0x1abc5939ce720ab000cd2d3637b5839a34c44063b54a46cc9766ef5f4e3f27e3"
published-version = "1"
